// !$*UTF8*$!
{
	archiveVersion = 1;
	classes = {
	};
	objectVersion = 50;
	objects = {

/* Begin PBXBuildFile section */
		181D899422C6B27C00C81AA2 /* Configuration.swift in Sources */ = {isa = PBXBuildFile; fileRef = 181D899322C6B27B00C81AA2 /* Configuration.swift */; };
		183EE43822C8CC6F001B558B /* WeatherService.swift in Sources */ = {isa = PBXBuildFile; fileRef = 183EE43722C8CC6F001B558B /* WeatherService.swift */; };
		183EE43C22C8DDB4001B558B /* CityImageService.swift in Sources */ = {isa = PBXBuildFile; fileRef = 183EE43B22C8DDB4001B558B /* CityImageService.swift */; };
		1840089722C77319002A1F05 /* CityImage.swift in Sources */ = {isa = PBXBuildFile; fileRef = 1840089622C77319002A1F05 /* CityImage.swift */; };
		1840089922C7807C002A1F05 /* CityImagesResponse.swift in Sources */ = {isa = PBXBuildFile; fileRef = 1840089822C7807C002A1F05 /* CityImagesResponse.swift */; };
		188C201422C2712E00012003 /* City.swift in Sources */ = {isa = PBXBuildFile; fileRef = 188C201322C2712E00012003 /* City.swift */; };
		188C201622C27BA200012003 /* CityCell.swift in Sources */ = {isa = PBXBuildFile; fileRef = 188C201522C27BA200012003 /* CityCell.swift */; };
		188C201822C3D1DD00012003 /* CityViewController.swift in Sources */ = {isa = PBXBuildFile; fileRef = 188C201722C3D1DD00012003 /* CityViewController.swift */; };
		188C201A22C4B88A00012003 /* NetworkService.swift in Sources */ = {isa = PBXBuildFile; fileRef = 188C201922C4B88A00012003 /* NetworkService.swift */; };
		188C201D22C5518400012003 /* Forecast.swift in Sources */ = {isa = PBXBuildFile; fileRef = 188C201C22C5518400012003 /* Forecast.swift */; };
		188C201F22C551B400012003 /* WeatherForCities.swift in Sources */ = {isa = PBXBuildFile; fileRef = 188C201E22C551B400012003 /* WeatherForCities.swift */; };
		18CC86EF22C25CC6006777DB /* AppDelegate.swift in Sources */ = {isa = PBXBuildFile; fileRef = 18CC86EE22C25CC6006777DB /* AppDelegate.swift */; };
		18CC86F122C25CC6006777DB /* CitiesTableViewController.swift in Sources */ = {isa = PBXBuildFile; fileRef = 18CC86F022C25CC6006777DB /* CitiesTableViewController.swift */; };
		18CC86F622C25CCA006777DB /* Assets.xcassets in Resources */ = {isa = PBXBuildFile; fileRef = 18CC86F522C25CCA006777DB /* Assets.xcassets */; };
		18CC86F922C25CCA006777DB /* LaunchScreen.storyboard in Resources */ = {isa = PBXBuildFile; fileRef = 18CC86F722C25CCA006777DB /* LaunchScreen.storyboard */; };
/* End PBXBuildFile section */

/* Begin PBXFileReference section */
		181D899322C6B27B00C81AA2 /* Configuration.swift */ = {isa = PBXFileReference; lastKnownFileType = sourcecode.swift; path = Configuration.swift; sourceTree = "<group>"; };
		183EE43722C8CC6F001B558B /* WeatherService.swift */ = {isa = PBXFileReference; lastKnownFileType = sourcecode.swift; path = WeatherService.swift; sourceTree = "<group>"; };
		183EE43B22C8DDB4001B558B /* CityImageService.swift */ = {isa = PBXFileReference; lastKnownFileType = sourcecode.swift; path = CityImageService.swift; sourceTree = "<group>"; };
		1840089622C77319002A1F05 /* CityImage.swift */ = {isa = PBXFileReference; lastKnownFileType = sourcecode.swift; path = CityImage.swift; sourceTree = "<group>"; };
		1840089822C7807C002A1F05 /* CityImagesResponse.swift */ = {isa = PBXFileReference; lastKnownFileType = sourcecode.swift; path = CityImagesResponse.swift; sourceTree = "<group>"; };
		188C201322C2712E00012003 /* City.swift */ = {isa = PBXFileReference; lastKnownFileType = sourcecode.swift; path = City.swift; sourceTree = "<group>"; };
		188C201522C27BA200012003 /* CityCell.swift */ = {isa = PBXFileReference; lastKnownFileType = sourcecode.swift; path = CityCell.swift; sourceTree = "<group>"; };
		188C201722C3D1DD00012003 /* CityViewController.swift */ = {isa = PBXFileReference; lastKnownFileType = sourcecode.swift; path = CityViewController.swift; sourceTree = "<group>"; };
		188C201922C4B88A00012003 /* NetworkService.swift */ = {isa = PBXFileReference; lastKnownFileType = sourcecode.swift; path = NetworkService.swift; sourceTree = "<group>"; };
		188C201C22C5518400012003 /* Forecast.swift */ = {isa = PBXFileReference; lastKnownFileType = sourcecode.swift; path = Forecast.swift; sourceTree = "<group>"; };
		188C201E22C551B400012003 /* WeatherForCities.swift */ = {isa = PBXFileReference; lastKnownFileType = sourcecode.swift; path = WeatherForCities.swift; sourceTree = "<group>"; };
		18CC86EB22C25CC6006777DB /* CitiesWeather.app */ = {isa = PBXFileReference; explicitFileType = wrapper.application; includeInIndex = 0; path = CitiesWeather.app; sourceTree = BUILT_PRODUCTS_DIR; };
		18CC86EE22C25CC6006777DB /* AppDelegate.swift */ = {isa = PBXFileReference; lastKnownFileType = sourcecode.swift; path = AppDelegate.swift; sourceTree = "<group>"; };
		18CC86F022C25CC6006777DB /* CitiesTableViewController.swift */ = {isa = PBXFileReference; lastKnownFileType = sourcecode.swift; path = CitiesTableViewController.swift; sourceTree = "<group>"; };
		18CC86F522C25CCA006777DB /* Assets.xcassets */ = {isa = PBXFileReference; lastKnownFileType = folder.assetcatalog; path = Assets.xcassets; sourceTree = "<group>"; };
		18CC86F822C25CCA006777DB /* Base */ = {isa = PBXFileReference; lastKnownFileType = file.storyboard; name = Base; path = Base.lproj/LaunchScreen.storyboard; sourceTree = "<group>"; };
		18CC86FA22C25CCA006777DB /* Info.plist */ = {isa = PBXFileReference; lastKnownFileType = text.plist.xml; path = Info.plist; sourceTree = "<group>"; };
/* End PBXFileReference section */

/* Begin PBXFrameworksBuildPhase section */
		18CC86E822C25CC6006777DB /* Frameworks */ = {
			isa = PBXFrameworksBuildPhase;
			buildActionMask = 2147483647;
			files = (
			);
			runOnlyForDeploymentPostprocessing = 0;
		};
/* End PBXFrameworksBuildPhase section */

/* Begin PBXGroup section */
		183EE43922C8D888001B558B /* Configurations */ = {
			isa = PBXGroup;
			children = (
				181D899322C6B27B00C81AA2 /* Configuration.swift */,
			);
			path = Configurations;
			sourceTree = "<group>";
		};
		183EE43A22C8D8B6001B558B /* Services */ = {
			isa = PBXGroup;
			children = (
				188C201922C4B88A00012003 /* NetworkService.swift */,
				183EE43722C8CC6F001B558B /* WeatherService.swift */,
				183EE43B22C8DDB4001B558B /* CityImageService.swift */,
			);
			path = Services;
			sourceTree = "<group>";
		};
		188C201B22C5513F00012003 /* Models */ = {
			isa = PBXGroup;
			children = (
				188C201E22C551B400012003 /* WeatherForCities.swift */,
				188C201322C2712E00012003 /* City.swift */,
				188C201C22C5518400012003 /* Forecast.swift */,
				1840089622C77319002A1F05 /* CityImage.swift */,
				1840089822C7807C002A1F05 /* CityImagesResponse.swift */,
			);
			path = Models;
			sourceTree = "<group>";
		};
		188C202022C5545B00012003 /* Controllers */ = {
			isa = PBXGroup;
			children = (
				18CC86F022C25CC6006777DB /* CitiesTableViewController.swift */,
				188C201722C3D1DD00012003 /* CityViewController.swift */,
			);
			path = Controllers;
			sourceTree = "<group>";
		};
		18CC86E222C25CC6006777DB = {
			isa = PBXGroup;
			children = (
				18CC86ED22C25CC6006777DB /* CitiesWeather */,
				18CC86EC22C25CC6006777DB /* Products */,
			);
			sourceTree = "<group>";
		};
		18CC86EC22C25CC6006777DB /* Products */ = {
			isa = PBXGroup;
			children = (
				18CC86EB22C25CC6006777DB /* CitiesWeather.app */,
			);
			name = Products;
			sourceTree = "<group>";
		};
		18CC86ED22C25CC6006777DB /* CitiesWeather */ = {
			isa = PBXGroup;
			children = (
				183EE43922C8D888001B558B /* Configurations */,
				18CC86EE22C25CC6006777DB /* AppDelegate.swift */,
				188C202022C5545B00012003 /* Controllers */,
				183EE43A22C8D8B6001B558B /* Services */,
				188C201522C27BA200012003 /* CityCell.swift */,
				188C201B22C5513F00012003 /* Models */,
				18CC86F522C25CCA006777DB /* Assets.xcassets */,
				18CC86F722C25CCA006777DB /* LaunchScreen.storyboard */,
				18CC86FA22C25CCA006777DB /* Info.plist */,
			);
			path = CitiesWeather;
			sourceTree = "<group>";
		};
/* End PBXGroup section */

/* Begin PBXNativeTarget section */
		18CC86EA22C25CC6006777DB /* CitiesWeather */ = {
			isa = PBXNativeTarget;
			buildConfigurationList = 18CC86FD22C25CCA006777DB /* Build configuration list for PBXNativeTarget "CitiesWeather" */;
			buildPhases = (
				18CC86E722C25CC6006777DB /* Sources */,
				18CC86E822C25CC6006777DB /* Frameworks */,
				18CC86E922C25CC6006777DB /* Resources */,
			);
			buildRules = (
			);
			dependencies = (
			);
			name = CitiesWeather;
			productName = CitiesWeather;
			productReference = 18CC86EB22C25CC6006777DB /* CitiesWeather.app */;
			productType = "com.apple.product-type.application";
		};
/* End PBXNativeTarget section */

/* Begin PBXProject section */
		18CC86E322C25CC6006777DB /* Project object */ = {
			isa = PBXProject;
			attributes = {
				LastSwiftUpdateCheck = 1020;
				LastUpgradeCheck = 1020;
				ORGANIZATIONNAME = "Pavel Sazonov";
				TargetAttributes = {
					18CC86EA22C25CC6006777DB = {
						CreatedOnToolsVersion = 10.2.1;
					};
				};
			};
			buildConfigurationList = 18CC86E622C25CC6006777DB /* Build configuration list for PBXProject "CitiesWeather" */;
			compatibilityVersion = "Xcode 9.3";
			developmentRegion = en;
			hasScannedForEncodings = 0;
			knownRegions = (
				en,
				Base,
			);
			mainGroup = 18CC86E222C25CC6006777DB;
			productRefGroup = 18CC86EC22C25CC6006777DB /* Products */;
			projectDirPath = "";
			projectRoot = "";
			targets = (
				18CC86EA22C25CC6006777DB /* CitiesWeather */,
			);
		};
/* End PBXProject section */

/* Begin PBXResourcesBuildPhase section */
		18CC86E922C25CC6006777DB /* Resources */ = {
			isa = PBXResourcesBuildPhase;
			buildActionMask = 2147483647;
			files = (
				18CC86F922C25CCA006777DB /* LaunchScreen.storyboard in Resources */,
				18CC86F622C25CCA006777DB /* Assets.xcassets in Resources */,
			);
			runOnlyForDeploymentPostprocessing = 0;
		};
/* End PBXResourcesBuildPhase section */

/* Begin PBXSourcesBuildPhase section */
		18CC86E722C25CC6006777DB /* Sources */ = {
			isa = PBXSourcesBuildPhase;
			buildActionMask = 2147483647;
			files = (
				18CC86F122C25CC6006777DB /* CitiesTableViewController.swift in Sources */,
				188C201822C3D1DD00012003 /* CityViewController.swift in Sources */,
				1840089722C77319002A1F05 /* CityImage.swift in Sources */,
				183EE43C22C8DDB4001B558B /* CityImageService.swift in Sources */,
				1840089922C7807C002A1F05 /* CityImagesResponse.swift in Sources */,
				183EE43822C8CC6F001B558B /* WeatherService.swift in Sources */,
				188C201D22C5518400012003 /* Forecast.swift in Sources */,
				181D899422C6B27C00C81AA2 /* Configuration.swift in Sources */,
				18CC86EF22C25CC6006777DB /* AppDelegate.swift in Sources */,
				188C201622C27BA200012003 /* CityCell.swift in Sources */,
				188C201F22C551B400012003 /* WeatherForCities.swift in Sources */,
				188C201A22C4B88A00012003 /* NetworkService.swift in Sources */,
				188C201422C2712E00012003 /* City.swift in Sources */,
			);
			runOnlyForDeploymentPostprocessing = 0;
		};
/* End PBXSourcesBuildPhase section */

/* Begin PBXVariantGroup section */
		18CC86F722C25CCA006777DB /* LaunchScreen.storyboard */ = {
			isa = PBXVariantGroup;
			children = (
				18CC86F822C25CCA006777DB /* Base */,
			);
			name = LaunchScreen.storyboard;
			sourceTree = "<group>";
		};
/* End PBXVariantGroup section */

/* Begin XCBuildConfiguration section */
		18CC86FB22C25CCA006777DB /* Debug */ = {
			isa = XCBuildConfiguration;
			buildSettings = {
				ALWAYS_SEARCH_USER_PATHS = NO;
				CLANG_ANALYZER_NONNULL = YES;
				CLANG_ANALYZER_NUMBER_OBJECT_CONVERSION = YES_AGGRESSIVE;
				CLANG_CXX_LANGUAGE_STANDARD = "gnu++14";
				CLANG_CXX_LIBRARY = "libc++";
				CLANG_ENABLE_MODULES = YES;
				CLANG_ENABLE_OBJC_ARC = YES;
				CLANG_ENABLE_OBJC_WEAK = YES;
				CLANG_WARN_BLOCK_CAPTURE_AUTORELEASING = YES;
				CLANG_WARN_BOOL_CONVERSION = YES;
				CLANG_WARN_COMMA = YES;
				CLANG_WARN_CONSTANT_CONVERSION = YES;
				CLANG_WARN_DEPRECATED_OBJC_IMPLEMENTATIONS = YES;
				CLANG_WARN_DIRECT_OBJC_ISA_USAGE = YES_ERROR;
				CLANG_WARN_DOCUMENTATION_COMMENTS = YES;
				CLANG_WARN_EMPTY_BODY = YES;
				CLANG_WARN_ENUM_CONVERSION = YES;
				CLANG_WARN_INFINITE_RECURSION = YES;
				CLANG_WARN_INT_CONVERSION = YES;
				CLANG_WARN_NON_LITERAL_NULL_CONVERSION = YES;
				CLANG_WARN_OBJC_IMPLICIT_RETAIN_SELF = YES;
				CLANG_WARN_OBJC_LITERAL_CONVERSION = YES;
				CLANG_WARN_OBJC_ROOT_CLASS = YES_ERROR;
				CLANG_WARN_RANGE_LOOP_ANALYSIS = YES;
				CLANG_WARN_STRICT_PROTOTYPES = YES;
				CLANG_WARN_SUSPICIOUS_MOVE = YES;
				CLANG_WARN_UNGUARDED_AVAILABILITY = YES_AGGRESSIVE;
				CLANG_WARN_UNREACHABLE_CODE = YES;
				CLANG_WARN__DUPLICATE_METHOD_MATCH = YES;
				CODE_SIGN_IDENTITY = "iPhone Developer";
				COPY_PHASE_STRIP = NO;
				DEBUG_INFORMATION_FORMAT = dwarf;
				ENABLE_STRICT_OBJC_MSGSEND = YES;
				ENABLE_TESTABILITY = YES;
				GCC_C_LANGUAGE_STANDARD = gnu11;
				GCC_DYNAMIC_NO_PIC = NO;
				GCC_NO_COMMON_BLOCKS = YES;
				GCC_OPTIMIZATION_LEVEL = 0;
				GCC_PREPROCESSOR_DEFINITIONS = (
					"DEBUG=1",
					"$(inherited)",
				);
				GCC_WARN_64_TO_32_BIT_CONVERSION = YES;
				GCC_WARN_ABOUT_RETURN_TYPE = YES_ERROR;
				GCC_WARN_UNDECLARED_SELECTOR = YES;
				GCC_WARN_UNINITIALIZED_AUTOS = YES_AGGRESSIVE;
				GCC_WARN_UNUSED_FUNCTION = YES;
				GCC_WARN_UNUSED_VARIABLE = YES;
				IPHONEOS_DEPLOYMENT_TARGET = 12.2;
				MTL_ENABLE_DEBUG_INFO = INCLUDE_SOURCE;
				MTL_FAST_MATH = YES;
				ONLY_ACTIVE_ARCH = YES;
				SDKROOT = iphoneos;
				SWIFT_ACTIVE_COMPILATION_CONDITIONS = DEBUG;
				SWIFT_OPTIMIZATION_LEVEL = "-Onone";
			};
			name = Debug;
		};
		18CC86FC22C25CCA006777DB /* Release */ = {
			isa = XCBuildConfiguration;
			buildSettings = {
				ALWAYS_SEARCH_USER_PATHS = NO;
				CLANG_ANALYZER_NONNULL = YES;
				CLANG_ANALYZER_NUMBER_OBJECT_CONVERSION = YES_AGGRESSIVE;
				CLANG_CXX_LANGUAGE_STANDARD = "gnu++14";
				CLANG_CXX_LIBRARY = "libc++";
				CLANG_ENABLE_MODULES = YES;
				CLANG_ENABLE_OBJC_ARC = YES;
				CLANG_ENABLE_OBJC_WEAK = YES;
				CLANG_WARN_BLOCK_CAPTURE_AUTORELEASING = YES;
				CLANG_WARN_BOOL_CONVERSION = YES;
				CLANG_WARN_COMMA = YES;
				CLANG_WARN_CONSTANT_CONVERSION = YES;
				CLANG_WARN_DEPRECATED_OBJC_IMPLEMENTATIONS = YES;
				CLANG_WARN_DIRECT_OBJC_ISA_USAGE = YES_ERROR;
				CLANG_WARN_DOCUMENTATION_COMMENTS = YES;
				CLANG_WARN_EMPTY_BODY = YES;
				CLANG_WARN_ENUM_CONVERSION = YES;
				CLANG_WARN_INFINITE_RECURSION = YES;
				CLANG_WARN_INT_CONVERSION = YES;
				CLANG_WARN_NON_LITERAL_NULL_CONVERSION = YES;
				CLANG_WARN_OBJC_IMPLICIT_RETAIN_SELF = YES;
				CLANG_WARN_OBJC_LITERAL_CONVERSION = YES;
				CLANG_WARN_OBJC_ROOT_CLASS = YES_ERROR;
				CLANG_WARN_RANGE_LOOP_ANALYSIS = YES;
				CLANG_WARN_STRICT_PROTOTYPES = YES;
				CLANG_WARN_SUSPICIOUS_MOVE = YES;
				CLANG_WARN_UNGUARDED_AVAILABILITY = YES_AGGRESSIVE;
				CLANG_WARN_UNREACHABLE_CODE = YES;
				CLANG_WARN__DUPLICATE_METHOD_MATCH = YES;
				CODE_SIGN_IDENTITY = "iPhone Developer";
				COPY_PHASE_STRIP = NO;
				DEBUG_INFORMATION_FORMAT = "dwarf-with-dsym";
				ENABLE_NS_ASSERTIONS = NO;
				ENABLE_STRICT_OBJC_MSGSEND = YES;
				GCC_C_LANGUAGE_STANDARD = gnu11;
				GCC_NO_COMMON_BLOCKS = YES;
				GCC_WARN_64_TO_32_BIT_CONVERSION = YES;
				GCC_WARN_ABOUT_RETURN_TYPE = YES_ERROR;
				GCC_WARN_UNDECLARED_SELECTOR = YES;
				GCC_WARN_UNINITIALIZED_AUTOS = YES_AGGRESSIVE;
				GCC_WARN_UNUSED_FUNCTION = YES;
				GCC_WARN_UNUSED_VARIABLE = YES;
				IPHONEOS_DEPLOYMENT_TARGET = 12.2;
				MTL_ENABLE_DEBUG_INFO = NO;
				MTL_FAST_MATH = YES;
				SDKROOT = iphoneos;
				SWIFT_COMPILATION_MODE = wholemodule;
				SWIFT_OPTIMIZATION_LEVEL = "-O";
				VALIDATE_PRODUCT = YES;
			};
			name = Release;
		};
		18CC86FE22C25CCA006777DB /* Debug */ = {
			isa = XCBuildConfiguration;
			buildSettings = {
				ASSETCATALOG_COMPILER_APPICON_NAME = AppIcon;
				CODE_SIGN_STYLE = Automatic;
				DEVELOPMENT_TEAM = 87Z23LBW22;
				INFOPLIST_FILE = CitiesWeather/Info.plist;
				LD_RUNPATH_SEARCH_PATHS = (
					"$(inherited)",
					"@executable_path/Frameworks",
				);
				PRODUCT_BUNDLE_IDENTIFIER = pavel.sazonov.CitiesWeather;
				PRODUCT_NAME = "$(TARGET_NAME)";
				SWIFT_VERSION = 5.0;
				TARGETED_DEVICE_FAMILY = "1,2";
			};
			name = Debug;
		};
		18CC86FF22C25CCA006777DB /* Release */ = {
			isa = XCBuildConfiguration;
			buildSettings = {
				ASSETCATALOG_COMPILER_APPICON_NAME = AppIcon;
				CODE_SIGN_STYLE = Automatic;
				DEVELOPMENT_TEAM = 87Z23LBW22;
				INFOPLIST_FILE = CitiesWeather/Info.plist;
				LD_RUNPATH_SEARCH_PATHS = (
					"$(inherited)",
					"@executable_path/Frameworks",
				);
				PRODUCT_BUNDLE_IDENTIFIER = pavel.sazonov.CitiesWeather;
				PRODUCT_NAME = "$(TARGET_NAME)";
				SWIFT_VERSION = 5.0;
				TARGETED_DEVICE_FAMILY = "1,2";
			};
			name = Release;
		};
/* End XCBuildConfiguration section */

/* Begin XCConfigurationList section */
		18CC86E622C25CC6006777DB /* Build configuration list for PBXProject "CitiesWeather" */ = {
			isa = XCConfigurationList;
			buildConfigurations = (
				18CC86FB22C25CCA006777DB /* Debug */,
				18CC86FC22C25CCA006777DB /* Release */,
			);
			defaultConfigurationIsVisible = 0;
			defaultConfigurationName = Release;
		};
		18CC86FD22C25CCA006777DB /* Build configuration list for PBXNativeTarget "CitiesWeather" */ = {
			isa = XCConfigurationList;
			buildConfigurations = (
				18CC86FE22C25CCA006777DB /* Debug */,
				18CC86FF22C25CCA006777DB /* Release */,
			);
			defaultConfigurationIsVisible = 0;
			defaultConfigurationName = Release;
		};
/* End XCConfigurationList section */
	};
	rootObject = 18CC86E322C25CC6006777DB /* Project object */;
}
